// !$*UTF8*$!
{
	archiveVersion = 1;
	classes = {
	};
	objectVersion = 56;
	objects = {

/* Begin PBXBuildFile section */
		E01D2A512A09C4A6000B0EB8 /* LandmarksApp.swift in Sources */ = {isa = PBXBuildFile; fileRef = E01D2A502A09C4A6000B0EB8 /* LandmarksApp.swift */; };
		E01D2A532A09C4A6000B0EB8 /* ContentView.swift in Sources */ = {isa = PBXBuildFile; fileRef = E01D2A522A09C4A6000B0EB8 /* ContentView.swift */; };
		E01D2A552A09C4A7000B0EB8 /* Assets.xcassets in Resources */ = {isa = PBXBuildFile; fileRef = E01D2A542A09C4A7000B0EB8 /* Assets.xcassets */; };
		E01D2A582A09C4A7000B0EB8 /* Preview Assets.xcassets in Resources */ = {isa = PBXBuildFile; fileRef = E01D2A572A09C4A7000B0EB8 /* Preview Assets.xcassets */; };
		E01D2A622A09C4A7000B0EB8 /* LandmarksTests.swift in Sources */ = {isa = PBXBuildFile; fileRef = E01D2A612A09C4A7000B0EB8 /* LandmarksTests.swift */; };
		E01D2A6C2A09C4A7000B0EB8 /* LandmarksUITests.swift in Sources */ = {isa = PBXBuildFile; fileRef = E01D2A6B2A09C4A7000B0EB8 /* LandmarksUITests.swift */; };
		E01D2A6E2A09C4A7000B0EB8 /* LandmarksUITestsLaunchTests.swift in Sources */ = {isa = PBXBuildFile; fileRef = E01D2A6D2A09C4A7000B0EB8 /* LandmarksUITestsLaunchTests.swift */; };
		E01D2A7B2A09D3B6000B0EB8 /* CircleImage.swift in Sources */ = {isa = PBXBuildFile; fileRef = E01D2A7A2A09D3B6000B0EB8 /* CircleImage.swift */; };
		E01D2A7E2A09D5D6000B0EB8 /* MapView.swift in Sources */ = {isa = PBXBuildFile; fileRef = E01D2A7D2A09D5D6000B0EB8 /* MapView.swift */; };
/* End PBXBuildFile section */

/* Begin PBXContainerItemProxy section */
		E01D2A5E2A09C4A7000B0EB8 /* PBXContainerItemProxy */ = {
			isa = PBXContainerItemProxy;
			containerPortal = E01D2A452A09C4A6000B0EB8 /* Project object */;
			proxyType = 1;
			remoteGlobalIDString = E01D2A4C2A09C4A6000B0EB8;
			remoteInfo = Landmarks;
		};
		E01D2A682A09C4A7000B0EB8 /* PBXContainerItemProxy */ = {
			isa = PBXContainerItemProxy;
			containerPortal = E01D2A452A09C4A6000B0EB8 /* Project object */;
			proxyType = 1;
			remoteGlobalIDString = E01D2A4C2A09C4A6000B0EB8;
			remoteInfo = Landmarks;
		};
/* End PBXContainerItemProxy section */

/* Begin PBXFileReference section */
		E01D2A4D2A09C4A6000B0EB8 /* Landmarks.app */ = {isa = PBXFileReference; explicitFileType = wrapper.application; includeInIndex = 0; path = Landmarks.app; sourceTree = BUILT_PRODUCTS_DIR; };
		E01D2A502A09C4A6000B0EB8 /* LandmarksApp.swift */ = {isa = PBXFileReference; lastKnownFileType = sourcecode.swift; path = LandmarksApp.swift; sourceTree = "<group>"; };
		E01D2A522A09C4A6000B0EB8 /* ContentView.swift */ = {isa = PBXFileReference; lastKnownFileType = sourcecode.swift; path = ContentView.swift; sourceTree = "<group>"; };
		E01D2A542A09C4A7000B0EB8 /* Assets.xcassets */ = {isa = PBXFileReference; lastKnownFileType = folder.assetcatalog; path = Assets.xcassets; sourceTree = "<group>"; };
		E01D2A572A09C4A7000B0EB8 /* Preview Assets.xcassets */ = {isa = PBXFileReference; lastKnownFileType = folder.assetcatalog; path = "Preview Assets.xcassets"; sourceTree = "<group>"; };
		E01D2A5D2A09C4A7000B0EB8 /* LandmarksTests.xctest */ = {isa = PBXFileReference; explicitFileType = wrapper.cfbundle; includeInIndex = 0; path = LandmarksTests.xctest; sourceTree = BUILT_PRODUCTS_DIR; };
		E01D2A612A09C4A7000B0EB8 /* LandmarksTests.swift */ = {isa = PBXFileReference; lastKnownFileType = sourcecode.swift; path = LandmarksTests.swift; sourceTree = "<group>"; };
		E01D2A672A09C4A7000B0EB8 /* LandmarksUITests.xctest */ = {isa = PBXFileReference; explicitFileType = wrapper.cfbundle; includeInIndex = 0; path = LandmarksUITests.xctest; sourceTree = BUILT_PRODUCTS_DIR; };
		E01D2A6B2A09C4A7000B0EB8 /* LandmarksUITests.swift */ = {isa = PBXFileReference; lastKnownFileType = sourcecode.swift; path = LandmarksUITests.swift; sourceTree = "<group>"; };
		E01D2A6D2A09C4A7000B0EB8 /* LandmarksUITestsLaunchTests.swift */ = {isa = PBXFileReference; lastKnownFileType = sourcecode.swift; path = LandmarksUITestsLaunchTests.swift; sourceTree = "<group>"; };
		E01D2A7A2A09D3B6000B0EB8 /* CircleImage.swift */ = {isa = PBXFileReference; lastKnownFileType = sourcecode.swift; path = CircleImage.swift; sourceTree = "<group>"; };
		E01D2A7D2A09D5D6000B0EB8 /* MapView.swift */ = {isa = PBXFileReference; lastKnownFileType = sourcecode.swift; path = MapView.swift; sourceTree = "<group>"; };
/* End PBXFileReference section */

/* Begin PBXFrameworksBuildPhase section */
		E01D2A4A2A09C4A6000B0EB8 /* Frameworks */ = {
			isa = PBXFrameworksBuildPhase;
			buildActionMask = 2147483647;
			files = (
			);
			runOnlyForDeploymentPostprocessing = 0;
		};
		E01D2A5A2A09C4A7000B0EB8 /* Frameworks */ = {
			isa = PBXFrameworksBuildPhase;
			buildActionMask = 2147483647;
			files = (
			);
			runOnlyForDeploymentPostprocessing = 0;
		};
		E01D2A642A09C4A7000B0EB8 /* Frameworks */ = {
			isa = PBXFrameworksBuildPhase;
			buildActionMask = 2147483647;
			files = (
			);
			runOnlyForDeploymentPostprocessing = 0;
		};
/* End PBXFrameworksBuildPhase section */

/* Begin PBXGroup section */
		E01D2A442A09C4A6000B0EB8 = {
			isa = PBXGroup;
			children = (
				E01D2A4F2A09C4A6000B0EB8 /* Landmarks */,
				E01D2A602A09C4A7000B0EB8 /* LandmarksTests */,
				E01D2A6A2A09C4A7000B0EB8 /* LandmarksUITests */,
				E01D2A4E2A09C4A6000B0EB8 /* Products */,
			);
			sourceTree = "<group>";
		};
		E01D2A4E2A09C4A6000B0EB8 /* Products */ = {
			isa = PBXGroup;
			children = (
				E01D2A4D2A09C4A6000B0EB8 /* Landmarks.app */,
				E01D2A5D2A09C4A7000B0EB8 /* LandmarksTests.xctest */,
				E01D2A672A09C4A7000B0EB8 /* LandmarksUITests.xctest */,
			);
			name = Products;
			sourceTree = "<group>";
		};
		E01D2A4F2A09C4A6000B0EB8 /* Landmarks */ = {
			isa = PBXGroup;
			children = (
				E01D2A502A09C4A6000B0EB8 /* LandmarksApp.swift */,
				E01D2A7A2A09D3B6000B0EB8 /* CircleImage.swift */,
				E01D2A522A09C4A6000B0EB8 /* ContentView.swift */,
				E01D2A7D2A09D5D6000B0EB8 /* MapView.swift */,
				E01D2A7C2A09D576000B0EB8 /* MiscSetupFiles */,
			);
			path = Landmarks;
			sourceTree = "<group>";
		};
		E01D2A562A09C4A7000B0EB8 /* Preview Content */ = {
			isa = PBXGroup;
			children = (
				E01D2A572A09C4A7000B0EB8 /* Preview Assets.xcassets */,
			);
			path = "Preview Content";
			sourceTree = "<group>";
		};
		E01D2A602A09C4A7000B0EB8 /* LandmarksTests */ = {
			isa = PBXGroup;
			children = (
				E01D2A612A09C4A7000B0EB8 /* LandmarksTests.swift */,
			);
			path = LandmarksTests;
			sourceTree = "<group>";
		};
		E01D2A6A2A09C4A7000B0EB8 /* LandmarksUITests */ = {
			isa = PBXGroup;
			children = (
				E01D2A6B2A09C4A7000B0EB8 /* LandmarksUITests.swift */,
				E01D2A6D2A09C4A7000B0EB8 /* LandmarksUITestsLaunchTests.swift */,
			);
			path = LandmarksUITests;
			sourceTree = "<group>";
		};
		E01D2A7C2A09D576000B0EB8 /* MiscSetupFiles */ = {
			isa = PBXGroup;
			children = (
				E01D2A562A09C4A7000B0EB8 /* Preview Content */,
				E01D2A542A09C4A7000B0EB8 /* Assets.xcassets */,
			);
			name = MiscSetupFiles;
			sourceTree = "<group>";
		};
/* End PBXGroup section */

/* Begin PBXNativeTarget section */
		E01D2A4C2A09C4A6000B0EB8 /* Landmarks */ = {
			isa = PBXNativeTarget;
			buildConfigurationList = E01D2A712A09C4A7000B0EB8 /* Build configuration list for PBXNativeTarget "Landmarks" */;
			buildPhases = (
				E01D2A492A09C4A6000B0EB8 /* Sources */,
				E01D2A4A2A09C4A6000B0EB8 /* Frameworks */,
				E01D2A4B2A09C4A6000B0EB8 /* Resources */,
			);
			buildRules = (
			);
			dependencies = (
			);
			name = Landmarks;
			productName = Landmarks;
			productReference = E01D2A4D2A09C4A6000B0EB8 /* Landmarks.app */;
			productType = "com.apple.product-type.application";
		};
		E01D2A5C2A09C4A7000B0EB8 /* LandmarksTests */ = {
			isa = PBXNativeTarget;
			buildConfigurationList = E01D2A742A09C4A7000B0EB8 /* Build configuration list for PBXNativeTarget "LandmarksTests" */;
			buildPhases = (
				E01D2A592A09C4A7000B0EB8 /* Sources */,
				E01D2A5A2A09C4A7000B0EB8 /* Frameworks */,
				E01D2A5B2A09C4A7000B0EB8 /* Resources */,
			);
			buildRules = (
			);
			dependencies = (
				E01D2A5F2A09C4A7000B0EB8 /* PBXTargetDependency */,
			);
			name = LandmarksTests;
			productName = LandmarksTests;
			productReference = E01D2A5D2A09C4A7000B0EB8 /* LandmarksTests.xctest */;
			productType = "com.apple.product-type.bundle.unit-test";
		};
		E01D2A662A09C4A7000B0EB8 /* LandmarksUITests */ = {
			isa = PBXNativeTarget;
			buildConfigurationList = E01D2A772A09C4A7000B0EB8 /* Build configuration list for PBXNativeTarget "LandmarksUITests" */;
			buildPhases = (
				E01D2A632A09C4A7000B0EB8 /* Sources */,
				E01D2A642A09C4A7000B0EB8 /* Frameworks */,
				E01D2A652A09C4A7000B0EB8 /* Resources */,
			);
			buildRules = (
			);
			dependencies = (
				E01D2A692A09C4A7000B0EB8 /* PBXTargetDependency */,
			);
			name = LandmarksUITests;
			productName = LandmarksUITests;
			productReference = E01D2A672A09C4A7000B0EB8 /* LandmarksUITests.xctest */;
			productType = "com.apple.product-type.bundle.ui-testing";
		};
/* End PBXNativeTarget section */

/* Begin PBXProject section */
		E01D2A452A09C4A6000B0EB8 /* Project object */ = {
			isa = PBXProject;
			attributes = {
				BuildIndependentTargetsInParallel = 1;
				LastSwiftUpdateCheck = 1430;
				LastUpgradeCheck = 1430;
				TargetAttributes = {
					E01D2A4C2A09C4A6000B0EB8 = {
						CreatedOnToolsVersion = 14.3;
					};
					E01D2A5C2A09C4A7000B0EB8 = {
						CreatedOnToolsVersion = 14.3;
						TestTargetID = E01D2A4C2A09C4A6000B0EB8;
					};
					E01D2A662A09C4A7000B0EB8 = {
						CreatedOnToolsVersion = 14.3;
						TestTargetID = E01D2A4C2A09C4A6000B0EB8;
					};
				};
			};
			buildConfigurationList = E01D2A482A09C4A6000B0EB8 /* Build configuration list for PBXProject "Landmarks" */;
			compatibilityVersion = "Xcode 14.0";
			developmentRegion = en;
			hasScannedForEncodings = 0;
			knownRegions = (
				en,
				Base,
			);
			mainGroup = E01D2A442A09C4A6000B0EB8;
			productRefGroup = E01D2A4E2A09C4A6000B0EB8 /* Products */;
			projectDirPath = "";
			projectRoot = "";
			targets = (
				E01D2A4C2A09C4A6000B0EB8 /* Landmarks */,
				E01D2A5C2A09C4A7000B0EB8 /* LandmarksTests */,
				E01D2A662A09C4A7000B0EB8 /* LandmarksUITests */,
			);
		};
/* End PBXProject section */

/* Begin PBXResourcesBuildPhase section */
		E01D2A4B2A09C4A6000B0EB8 /* Resources */ = {
			isa = PBXResourcesBuildPhase;
			buildActionMask = 2147483647;
			files = (
				E01D2A582A09C4A7000B0EB8 /* Preview Assets.xcassets in Resources */,
				E01D2A552A09C4A7000B0EB8 /* Assets.xcassets in Resources */,
			);
			runOnlyForDeploymentPostprocessing = 0;
		};
		E01D2A5B2A09C4A7000B0EB8 /* Resources */ = {
			isa = PBXResourcesBuildPhase;
			buildActionMask = 2147483647;
			files = (
			);
			runOnlyForDeploymentPostprocessing = 0;
		};
		E01D2A652A09C4A7000B0EB8 /* Resources */ = {
			isa = PBXResourcesBuildPhase;
			buildActionMask = 2147483647;
			files = (
			);
			runOnlyForDeploymentPostprocessing = 0;
		};
/* End PBXResourcesBuildPhase section */

/* Begin PBXSourcesBuildPhase section */
		E01D2A492A09C4A6000B0EB8 /* Sources */ = {
			isa = PBXSourcesBuildPhase;
			buildActionMask = 2147483647;
			files = (
				E01D2A532A09C4A6000B0EB8 /* ContentView.swift in Sources */,
				E01D2A7E2A09D5D6000B0EB8 /* MapView.swift in Sources */,
				E01D2A512A09C4A6000B0EB8 /* LandmarksApp.swift in Sources */,
				E01D2A7B2A09D3B6000B0EB8 /* CircleImage.swift in Sources */,
			);
			runOnlyForDeploymentPostprocessing = 0;
		};
		E01D2A592A09C4A7000B0EB8 /* Sources */ = {
			isa = PBXSourcesBuildPhase;
			buildActionMask = 2147483647;
			files = (
				E01D2A622A09C4A7000B0EB8 /* LandmarksTests.swift in Sources */,
			);
			runOnlyForDeploymentPostprocessing = 0;
		};
		E01D2A632A09C4A7000B0EB8 /* Sources */ = {
			isa = PBXSourcesBuildPhase;
			buildActionMask = 2147483647;
			files = (
				E01D2A6E2A09C4A7000B0EB8 /* LandmarksUITestsLaunchTests.swift in Sources */,
				E01D2A6C2A09C4A7000B0EB8 /* LandmarksUITests.swift in Sources */,
			);
			runOnlyForDeploymentPostprocessing = 0;
		};
/* End PBXSourcesBuildPhase section */

/* Begin PBXTargetDependency section */
		E01D2A5F2A09C4A7000B0EB8 /* PBXTargetDependency */ = {
			isa = PBXTargetDependency;
			target = E01D2A4C2A09C4A6000B0EB8 /* Landmarks */;
			targetProxy = E01D2A5E2A09C4A7000B0EB8 /* PBXContainerItemProxy */;
		};
		E01D2A692A09C4A7000B0EB8 /* PBXTargetDependency */ = {
			isa = PBXTargetDependency;
			target = E01D2A4C2A09C4A6000B0EB8 /* Landmarks */;
			targetProxy = E01D2A682A09C4A7000B0EB8 /* PBXContainerItemProxy */;
		};
/* End PBXTargetDependency section */

/* Begin XCBuildConfiguration section */
		E01D2A6F2A09C4A7000B0EB8 /* Debug */ = {
			isa = XCBuildConfiguration;
			buildSettings = {
				ALWAYS_SEARCH_USER_PATHS = NO;
				CLANG_ANALYZER_NONNULL = YES;
				CLANG_ANALYZER_NUMBER_OBJECT_CONVERSION = YES_AGGRESSIVE;
				CLANG_CXX_LANGUAGE_STANDARD = "gnu++20";
				CLANG_ENABLE_MODULES = YES;
				CLANG_ENABLE_OBJC_ARC = YES;
				CLANG_ENABLE_OBJC_WEAK = YES;
				CLANG_WARN_BLOCK_CAPTURE_AUTORELEASING = YES;
				CLANG_WARN_BOOL_CONVERSION = YES;
				CLANG_WARN_COMMA = YES;
				CLANG_WARN_CONSTANT_CONVERSION = YES;
				CLANG_WARN_DEPRECATED_OBJC_IMPLEMENTATIONS = YES;
				CLANG_WARN_DIRECT_OBJC_ISA_USAGE = YES_ERROR;
				CLANG_WARN_DOCUMENTATION_COMMENTS = YES;
				CLANG_WARN_EMPTY_BODY = YES;
				CLANG_WARN_ENUM_CONVERSION = YES;
				CLANG_WARN_INFINITE_RECURSION = YES;
				CLANG_WARN_INT_CONVERSION = YES;
				CLANG_WARN_NON_LITERAL_NULL_CONVERSION = YES;
				CLANG_WARN_OBJC_IMPLICIT_RETAIN_SELF = YES;
				CLANG_WARN_OBJC_LITERAL_CONVERSION = YES;
				CLANG_WARN_OBJC_ROOT_CLASS = YES_ERROR;
				CLANG_WARN_QUOTED_INCLUDE_IN_FRAMEWORK_HEADER = YES;
				CLANG_WARN_RANGE_LOOP_ANALYSIS = YES;
				CLANG_WARN_STRICT_PROTOTYPES = YES;
				CLANG_WARN_SUSPICIOUS_MOVE = YES;
				CLANG_WARN_UNGUARDED_AVAILABILITY = YES_AGGRESSIVE;
				CLANG_WARN_UNREACHABLE_CODE = YES;
				CLANG_WARN__DUPLICATE_METHOD_MATCH = YES;
				COPY_PHASE_STRIP = NO;
				DEBUG_INFORMATION_FORMAT = dwarf;
				ENABLE_STRICT_OBJC_MSGSEND = YES;
				ENABLE_TESTABILITY = YES;
				GCC_C_LANGUAGE_STANDARD = gnu11;
				GCC_DYNAMIC_NO_PIC = NO;
				GCC_NO_COMMON_BLOCKS = YES;
				GCC_OPTIMIZATION_LEVEL = 0;
				GCC_PREPROCESSOR_DEFINITIONS = (
					"DEBUG=1",
					"$(inherited)",
				);
				GCC_WARN_64_TO_32_BIT_CONVERSION = YES;
				GCC_WARN_ABOUT_RETURN_TYPE = YES_ERROR;
				GCC_WARN_UNDECLARED_SELECTOR = YES;
				GCC_WARN_UNINITIALIZED_AUTOS = YES_AGGRESSIVE;
				GCC_WARN_UNUSED_FUNCTION = YES;
				GCC_WARN_UNUSED_VARIABLE = YES;
				IPHONEOS_DEPLOYMENT_TARGET = 16.4;
				MTL_ENABLE_DEBUG_INFO = INCLUDE_SOURCE;
				MTL_FAST_MATH = YES;
				ONLY_ACTIVE_ARCH = YES;
				SDKROOT = iphoneos;
				SWIFT_ACTIVE_COMPILATION_CONDITIONS = DEBUG;
				SWIFT_OPTIMIZATION_LEVEL = "-Onone";
			};
			name = Debug;
		};
		E01D2A702A09C4A7000B0EB8 /* Release */ = {
			isa = XCBuildConfiguration;
			buildSettings = {
				ALWAYS_SEARCH_USER_PATHS = NO;
				CLANG_ANALYZER_NONNULL = YES;
				CLANG_ANALYZER_NUMBER_OBJECT_CONVERSION = YES_AGGRESSIVE;
				CLANG_CXX_LANGUAGE_STANDARD = "gnu++20";
				CLANG_ENABLE_MODULES = YES;
				CLANG_ENABLE_OBJC_ARC = YES;
				CLANG_ENABLE_OBJC_WEAK = YES;
				CLANG_WARN_BLOCK_CAPTURE_AUTORELEASING = YES;
				CLANG_WARN_BOOL_CONVERSION = YES;
				CLANG_WARN_COMMA = YES;
				CLANG_WARN_CONSTANT_CONVERSION = YES;
				CLANG_WARN_DEPRECATED_OBJC_IMPLEMENTATIONS = YES;
				CLANG_WARN_DIRECT_OBJC_ISA_USAGE = YES_ERROR;
				CLANG_WARN_DOCUMENTATION_COMMENTS = YES;
				CLANG_WARN_EMPTY_BODY = YES;
				CLANG_WARN_ENUM_CONVERSION = YES;
				CLANG_WARN_INFINITE_RECURSION = YES;
				CLANG_WARN_INT_CONVERSION = YES;
				CLANG_WARN_NON_LITERAL_NULL_CONVERSION = YES;
				CLANG_WARN_OBJC_IMPLICIT_RETAIN_SELF = YES;
				CLANG_WARN_OBJC_LITERAL_CONVERSION = YES;
				CLANG_WARN_OBJC_ROOT_CLASS = YES_ERROR;
				CLANG_WARN_QUOTED_INCLUDE_IN_FRAMEWORK_HEADER = YES;
				CLANG_WARN_RANGE_LOOP_ANALYSIS = YES;
				CLANG_WARN_STRICT_PROTOTYPES = YES;
				CLANG_WARN_SUSPICIOUS_MOVE = YES;
				CLANG_WARN_UNGUARDED_AVAILABILITY = YES_AGGRESSIVE;
				CLANG_WARN_UNREACHABLE_CODE = YES;
				CLANG_WARN__DUPLICATE_METHOD_MATCH = YES;
				COPY_PHASE_STRIP = NO;
				DEBUG_INFORMATION_FORMAT = "dwarf-with-dsym";
				ENABLE_NS_ASSERTIONS = NO;
				ENABLE_STRICT_OBJC_MSGSEND = YES;
				GCC_C_LANGUAGE_STANDARD = gnu11;
				GCC_NO_COMMON_BLOCKS = YES;
				GCC_WARN_64_TO_32_BIT_CONVERSION = YES;
				GCC_WARN_ABOUT_RETURN_TYPE = YES_ERROR;
				GCC_WARN_UNDECLARED_SELECTOR = YES;
				GCC_WARN_UNINITIALIZED_AUTOS = YES_AGGRESSIVE;
				GCC_WARN_UNUSED_FUNCTION = YES;
				GCC_WARN_UNUSED_VARIABLE = YES;
				IPHONEOS_DEPLOYMENT_TARGET = 16.4;
				MTL_ENABLE_DEBUG_INFO = NO;
				MTL_FAST_MATH = YES;
				SDKROOT = iphoneos;
				SWIFT_COMPILATION_MODE = wholemodule;
				SWIFT_OPTIMIZATION_LEVEL = "-O";
				VALIDATE_PRODUCT = YES;
			};
			name = Release;
		};
		E01D2A722A09C4A7000B0EB8 /* Debug */ = {
			isa = XCBuildConfiguration;
			buildSettings = {
				ASSETCATALOG_COMPILER_APPICON_NAME = AppIcon;
				ASSETCATALOG_COMPILER_GLOBAL_ACCENT_COLOR_NAME = AccentColor;
				CODE_SIGN_STYLE = Automatic;
				CURRENT_PROJECT_VERSION = 1;
				DEVELOPMENT_ASSET_PATHS = "\"Landmarks/Preview Content\"";
				ENABLE_PREVIEWS = YES;
				GENERATE_INFOPLIST_FILE = YES;
				INFOPLIST_KEY_UIApplicationSceneManifest_Generation = YES;
				INFOPLIST_KEY_UIApplicationSupportsIndirectInputEvents = YES;
				INFOPLIST_KEY_UILaunchScreen_Generation = YES;
				INFOPLIST_KEY_UISupportedInterfaceOrientations_iPad = "UIInterfaceOrientationPortrait UIInterfaceOrientationPortraitUpsideDown UIInterfaceOrientationLandscapeLeft UIInterfaceOrientationLandscapeRight";
				INFOPLIST_KEY_UISupportedInterfaceOrientations_iPhone = "UIInterfaceOrientationPortrait UIInterfaceOrientationLandscapeLeft UIInterfaceOrientationLandscapeRight";
				LD_RUNPATH_SEARCH_PATHS = (
					"$(inherited)",
					"@executable_path/Frameworks",
				);
				MARKETING_VERSION = 1.0;
				PRODUCT_BUNDLE_IDENTIFIER = sweeney.Landmarks;
				PRODUCT_NAME = "$(TARGET_NAME)";
				SWIFT_EMIT_LOC_STRINGS = YES;
				SWIFT_VERSION = 5.0;
				TARGETED_DEVICE_FAMILY = "1,2";
			};
			name = Debug;
		};
		E01D2A732A09C4A7000B0EB8 /* Release */ = {
			isa = XCBuildConfiguration;
			buildSettings = {
				ASSETCATALOG_COMPILER_APPICON_NAME = AppIcon;
				ASSETCATALOG_COMPILER_GLOBAL_ACCENT_COLOR_NAME = AccentColor;
				CODE_SIGN_STYLE = Automatic;
				CURRENT_PROJECT_VERSION = 1;
				DEVELOPMENT_ASSET_PATHS = "\"Landmarks/Preview Content\"";
				ENABLE_PREVIEWS = YES;
				GENERATE_INFOPLIST_FILE = YES;
				INFOPLIST_KEY_UIApplicationSceneManifest_Generation = YES;
				INFOPLIST_KEY_UIApplicationSupportsIndirectInputEvents = YES;
				INFOPLIST_KEY_UILaunchScreen_Generation = YES;
				INFOPLIST_KEY_UISupportedInterfaceOrientations_iPad = "UIInterfaceOrientationPortrait UIInterfaceOrientationPortraitUpsideDown UIInterfaceOrientationLandscapeLeft UIInterfaceOrientationLandscapeRight";
				INFOPLIST_KEY_UISupportedInterfaceOrientations_iPhone = "UIInterfaceOrientationPortrait UIInterfaceOrientationLandscapeLeft UIInterfaceOrientationLandscapeRight";
				LD_RUNPATH_SEARCH_PATHS = (
					"$(inherited)",
					"@executable_path/Frameworks",
				);
				MARKETING_VERSION = 1.0;
				PRODUCT_BUNDLE_IDENTIFIER = sweeney.Landmarks;
				PRODUCT_NAME = "$(TARGET_NAME)";
				SWIFT_EMIT_LOC_STRINGS = YES;
				SWIFT_VERSION = 5.0;
				TARGETED_DEVICE_FAMILY = "1,2";
			};
			name = Release;
		};
		E01D2A752A09C4A7000B0EB8 /* Debug */ = {
			isa = XCBuildConfiguration;
			buildSettings = {
				ALWAYS_EMBED_SWIFT_STANDARD_LIBRARIES = YES;
				BUNDLE_LOADER = "$(TEST_HOST)";
				CODE_SIGN_STYLE = Automatic;
				CURRENT_PROJECT_VERSION = 1;
				GENERATE_INFOPLIST_FILE = YES;
				IPHONEOS_DEPLOYMENT_TARGET = 16.4;
				MARKETING_VERSION = 1.0;
				PRODUCT_BUNDLE_IDENTIFIER = sweeney.LandmarksTests;
				PRODUCT_NAME = "$(TARGET_NAME)";
				SWIFT_EMIT_LOC_STRINGS = NO;
				SWIFT_VERSION = 5.0;
				TARGETED_DEVICE_FAMILY = "1,2";
				TEST_HOST = "$(BUILT_PRODUCTS_DIR)/Landmarks.app/$(BUNDLE_EXECUTABLE_FOLDER_PATH)/Landmarks";
			};
			name = Debug;
		};
		E01D2A762A09C4A7000B0EB8 /* Release */ = {
			isa = XCBuildConfiguration;
			buildSettings = {
				ALWAYS_EMBED_SWIFT_STANDARD_LIBRARIES = YES;
				BUNDLE_LOADER = "$(TEST_HOST)";
				CODE_SIGN_STYLE = Automatic;
				CURRENT_PROJECT_VERSION = 1;
				GENERATE_INFOPLIST_FILE = YES;
				IPHONEOS_DEPLOYMENT_TARGET = 16.4;
				MARKETING_VERSION = 1.0;
				PRODUCT_BUNDLE_IDENTIFIER = sweeney.LandmarksTests;
				PRODUCT_NAME = "$(TARGET_NAME)";
				SWIFT_EMIT_LOC_STRINGS = NO;
				SWIFT_VERSION = 5.0;
				TARGETED_DEVICE_FAMILY = "1,2";
				TEST_HOST = "$(BUILT_PRODUCTS_DIR)/Landmarks.app/$(BUNDLE_EXECUTABLE_FOLDER_PATH)/Landmarks";
			};
			name = Release;
		};
		E01D2A782A09C4A7000B0EB8 /* Debug */ = {
			isa = XCBuildConfiguration;
			buildSettings = {
				ALWAYS_EMBED_SWIFT_STANDARD_LIBRARIES = YES;
				CODE_SIGN_STYLE = Automatic;
				CURRENT_PROJECT_VERSION = 1;
				GENERATE_INFOPLIST_FILE = YES;
				MARKETING_VERSION = 1.0;
				PRODUCT_BUNDLE_IDENTIFIER = sweeney.LandmarksUITests;
				PRODUCT_NAME = "$(TARGET_NAME)";
				SWIFT_EMIT_LOC_STRINGS = NO;
				SWIFT_VERSION = 5.0;
				TARGETED_DEVICE_FAMILY = "1,2";
				TEST_TARGET_NAME = Landmarks;
			};
			name = Debug;
		};
		E01D2A792A09C4A7000B0EB8 /* Release */ = {
			isa = XCBuildConfiguration;
			buildSettings = {
				ALWAYS_EMBED_SWIFT_STANDARD_LIBRARIES = YES;
				CODE_SIGN_STYLE = Automatic;
				CURRENT_PROJECT_VERSION = 1;
				GENERATE_INFOPLIST_FILE = YES;
				MARKETING_VERSION = 1.0;
				PRODUCT_BUNDLE_IDENTIFIER = sweeney.LandmarksUITests;
				PRODUCT_NAME = "$(TARGET_NAME)";
				SWIFT_EMIT_LOC_STRINGS = NO;
				SWIFT_VERSION = 5.0;
				TARGETED_DEVICE_FAMILY = "1,2";
				TEST_TARGET_NAME = Landmarks;
			};
			name = Release;
		};
/* End XCBuildConfiguration section */

/* Begin XCConfigurationList section */
		E01D2A482A09C4A6000B0EB8 /* Build configuration list for PBXProject "Landmarks" */ = {
			isa = XCConfigurationList;
			buildConfigurations = (
				E01D2A6F2A09C4A7000B0EB8 /* Debug */,
				E01D2A702A09C4A7000B0EB8 /* Release */,
			);
			defaultConfigurationIsVisible = 0;
			defaultConfigurationName = Release;
		};
		E01D2A712A09C4A7000B0EB8 /* Build configuration list for PBXNativeTarget "Landmarks" */ = {
			isa = XCConfigurationList;
			buildConfigurations = (
				E01D2A722A09C4A7000B0EB8 /* Debug */,
				E01D2A732A09C4A7000B0EB8 /* Release */,
			);
			defaultConfigurationIsVisible = 0;
			defaultConfigurationName = Release;
		};
		E01D2A742A09C4A7000B0EB8 /* Build configuration list for PBXNativeTarget "LandmarksTests" */ = {
			isa = XCConfigurationList;
			buildConfigurations = (
				E01D2A752A09C4A7000B0EB8 /* Debug */,
				E01D2A762A09C4A7000B0EB8 /* Release */,
			);
			defaultConfigurationIsVisible = 0;
			defaultConfigurationName = Release;
		};
		E01D2A772A09C4A7000B0EB8 /* Build configuration list for PBXNativeTarget "LandmarksUITests" */ = {
			isa = XCConfigurationList;
			buildConfigurations = (
				E01D2A782A09C4A7000B0EB8 /* Debug */,
				E01D2A792A09C4A7000B0EB8 /* Release */,
			);
			defaultConfigurationIsVisible = 0;
			defaultConfigurationName = Release;
		};
/* End XCConfigurationList section */
	};
	rootObject = E01D2A452A09C4A6000B0EB8 /* Project object */;
}
